lockfileVersion: '9.0'

settings:
  autoInstallPeers: true
  excludeLinksFromLockfile: false

importers:

  .:
    devDependencies:
      '@types/node':
        specifier: ^26.1.1
        version: 26.1.1
      turbo:
        specifier: ^2.10.5
        version: 2.10.6
      typescript:
        specifier: ^5.9.3
        version: 5.9.3

packages:

  '@turbo/darwin-64@2.10.6':
    resolution: {integrity: sha512-S+yIyZkmjYBQbIM7sTqMAwnLeMjSK60Q9grUDPbTWvkRjbsn5k1Rt5sPvTX80M4PnlYQBwLiYsjlu6tHsuIqQQ==}
    cpu: [x64]
    os: [darwin]

  '@turbo/darwin-arm64@2.10.6':
    resolution: {integrity: sha512-gnS8G78EjvJzDc1+tFES5BYXdlF+292n+h57G9G+5LJYelRh195f4Ed22RCo4EFIbI4Du9S5xfE9YjrqhoZaxQ==}
    cpu: [arm64]
    os: [darwin]

  '@turbo/linux-64@2.10.6':
    resolution: {integrity: sha512-lPv5AVkzvhs4z6Isr2ZE2UYt9Ndym5aWSMEIRh9OROnAdyEG1CFugJwAn/aFuDMmiCoHasyvD5tTDmVVTTrYxw==}
    cpu: [x64]
    os: [linux]

  '@turbo/linux-arm64@2.10.6':
    resolution: {integrity: sha512-yeQ24es8pz+FhZxt25HIXj4ml7HpWMrmOL1BtCP4XUz7mBJZdAfC7z7HGF+wPSUZoKmoSZbL4r4QWbRddhPZIQ==}
    cpu: [arm64]
    os: [linux]

  '@turbo/windows-64@2.10.6':
    resolution: {integrity: sha512-JiFscBN83F43VG3oM+QU2LvgHcf11tgirLJ3c1QDJBtulTCbDwupzIjqB9yBlfiMWAe6g3ssD6gqLP6a4g7FzA==}
    cpu: [x64]
    os: [win32]

  '@turbo/windows-arm64@2.10.6':
    resolution: {integrity: sha512-emWVdriXsaSVS5VXJxy4DppQ0UnGD+PUKu40DGjC3E5JXeoszL09B/1xU6B+Y8lJQg38cFoaB1NqGC4ayY5SQQ==}
    cpu: [arm64]
    os: [win32]

  '@types/node@26.1.1':
    resolution: {integrity: sha512-nxAkRSVkN1Y0JC1W8ky/fTfkGsMmcrRsbx+3XoZE+rMOX71kLYTV7fLXpqud1GpbpP5TuffXFqfX7fH2GgZREw==}

  turbo@2.10.6:
    resolution: {integrity: sha512-3VfH7fK7WQ/ZHYjvfWyVnPRpcNaX3ZqXfGDMdc82eGdM0ESATyxFK4R4PM3wNsVFsdkUFZ4pZpkNeG37dxOv+g==}
    hasBin: true

  typescript@5.9.3:
    resolution: {integrity: sha512-jl1vZzPDinLr9eUt3J/t7V6FgNEw9QjvBPdysz9KfQDD41fQrC2Y4vKQdiaUpFT4bXlb1RHhLpp8wtm6M5TgSw==}
    engines: {node: '>=14.17'}
    hasBin: true

  undici-types@8.3.0:
    resolution: {integrity: sha512-j375ScV60dom+YkPFIfTLcOiPxkN/buHz5GobjLhixFuANaNs3C9l4GmrWqejgXWJ7BbJcFYpTEUkS1Ge8bpZQ==}

snapshots:

  '@turbo/darwin-64@2.10.6':
    optional: true

  '@turbo/darwin-arm64@2.10.6':
    optional: true

  '@turbo/linux-64@2.10.6':
    optional: true

  '@turbo/linux-arm64@2.10.6':
    optional: true

  '@turbo/windows-64@2.10.6':
    optional: true

  '@turbo/windows-arm64@2.10.6':
    optional: true

  '@types/node@26.1.1':
    dependencies:
      undici-types: 8.3.0

  turbo@2.10.6:
    optionalDependencies:
      '@turbo/darwin-64': 2.10.6
      '@turbo/darwin-arm64': 2.10.6
      '@turbo/linux-64': 2.10.6
      '@turbo/linux-arm64': 2.10.6
      '@turbo/windows-64': 2.10.6
      '@turbo/windows-arm64': 2.10.6

  typescript@5.9.3: {}

  undici-types@8.3.0: {}
